Microsoft Visual Studio Solution File, Format Version 12.00
# Visual Studio Version 17
VisualStudioVersion = 17.14.36623.8 d17.14
MinimumVisualStudioVersion = 10.0.40219.1
Project("{FAE04EC0-301F-11D3-BF4B-00C04F79EFBC}") = "Roncav_Budget", "Roncav_Budget\Roncav_Budget.csproj", "{D6C5BB7D-9D06-46AF-AF67-820EE0EC4D2D}"
EndProject
Project("{FAE04EC0-301F-11D3-BF4B-00C04F79EFBC}") = "Roncav_Budget.droid", "Roncav_Budget.droid\Roncav_Budget.droid.csproj", "{413D776E-078E-4346-968A-24864EFB2268}"
EndProject
Project("{FAE04EC0-301F-11D3-BF4B-00C04F79EFBC}") = "Roncav_Budget.ios", "Roncav_Budget.ios\Roncav_Budget.ios.csproj", "{1114ED43-8661-4FA1-B72D-1D51AE2F39D7}"
EndProject
Project("{FAE04EC0-301F-11D3-BF4B-00C04F79EFBC}") = "Roncav_Budget.mac", "Roncav_Budget.mac\Roncav_Budget.mac.csproj", "{91898099-DA16-47A4-9236-8B7622C9B2BF}"
EndProject
Project("{FAE04EC0-301F-11D3-BF4B-00C04F79EFBC}") = "Roncav_Budget.winui", "Roncav_Budget.winui\Roncav_Budget.winui.csproj", "{5FBDC20D-489F-40D8-AF23-33A19E245EDC}"
EndProject
Global
	GlobalSection(SolutionConfigurationPlatforms) = preSolution
		Debug|Any CPU = Debug|Any CPU
		Release|Any CPU = Release|Any CPU
	EndGlobalSection
	GlobalSection(ProjectConfigurationPlatforms) = postSolution
		{D6C5BB7D-9D06-46AF-AF67-820EE0EC4D2D}.Debug|Any CPU.ActiveCfg = Debug|Any CPU
		{D6C5BB7D-9D06-46AF-AF67-820EE0EC4D2D}.Debug|Any CPU.Build.0 = Debug|Any CPU
		{D6C5BB7D-9D06-46AF-AF67-820EE0EC4D2D}.Release|Any CPU.ActiveCfg = Release|Any CPU
		{D6C5BB7D-9D06-46AF-AF67-820EE0EC4D2D}.Release|Any CPU.Build.0 = Release|Any CPU
		{413D776E-078E-4346-968A-24864EFB2268}.Debug|Any CPU.ActiveCfg = Debug|Any CPU
		{413D776E-078E-4346-968A-24864EFB2268}.Debug|Any CPU.Build.0 = Debug|Any CPU
		{413D776E-078E-4346-968A-24864EFB2268}.Debug|Any CPU.Deploy.0 = Debug|Any CPU
		{413D776E-078E-4346-968A-24864EFB2268}.Release|Any CPU.ActiveCfg = Release|Any CPU
		{413D776E-078E-4346-968A-24864EFB2268}.Release|Any CPU.Build.0 = Release|Any CPU
		{413D776E-078E-4346-968A-24864EFB2268}.Release|Any CPU.Deploy.0 = Release|Any CPU
		{1114ED43-8661-4FA1-B72D-1D51AE2F39D7}.Debug|Any CPU.ActiveCfg = Debug|Any CPU
		{1114ED43-8661-4FA1-B72D-1D51AE2F39D7}.Debug|Any CPU.Build.0 = Debug|Any CPU
		{1114ED43-8661-4FA1-B72D-1D51AE2F39D7}.Debug|Any CPU.Deploy.0 = Debug|Any CPU
		{1114ED43-8661-4FA1-B72D-1D51AE2F39D7}.Release|Any CPU.ActiveCfg = Release|Any CPU
		{1114ED43-8661-4FA1-B72D-1D51AE2F39D7}.Release|Any CPU.Build.0 = Release|Any CPU
		{1114ED43-8661-4FA1-B72D-1D51AE2F39D7}.Release|Any CPU.Deploy.0 = Release|Any CPU
		{91898099-DA16-47A4-9236-8B7622C9B2BF}.Debug|Any CPU.ActiveCfg = Debug|Any CPU
		{91898099-DA16-47A4-9236-8B7622C9B2BF}.Debug|Any CPU.Build.0 = Debug|Any CPU
		{91898099-DA16-47A4-9236-8B7622C9B2BF}.Debug|Any CPU.Deploy.0 = Debug|Any CPU
		{91898099-DA16-47A4-9236-8B7622C9B2BF}.Release|Any CPU.ActiveCfg = Release|Any CPU
		{91898099-DA16-47A4-9236-8B7622C9B2BF}.Release|Any CPU.Build.0 = Release|Any CPU
		{91898099-DA16-47A4-9236-8B7622C9B2BF}.Release|Any CPU.Deploy.0 = Release|Any CPU
		{5FBDC20D-489F-40D8-AF23-33A19E245EDC}.Debug|Any CPU.ActiveCfg = Debug|x64
		{5FBDC20D-489F-40D8-AF23-33A19E245EDC}.Debug|Any CPU.Build.0 = Debug|x64
		{5FBDC20D-489F-40D8-AF23-33A19E245EDC}.Release|Any CPU.ActiveCfg = Release|x64
		{5FBDC20D-489F-40D8-AF23-33A19E245EDC}.Release|Any CPU.Build.0 = Release|x64
	EndGlobalSection
	GlobalSection(SolutionProperties) = preSolution
		HideSolutionNode = FALSE
	EndGlobalSection
	GlobalSection(ExtensibilityGlobals) = postSolution
		SolutionGuid = {F9B7C329-D42A-425D-8AA6-7652D399FD8E}
	EndGlobalSection
EndGlobal
